
Microsoft Visual Studio Solution File, Format Version 12.00
# Visual Studio Version 16
VisualStudioVersion = 16.0.32228.343
MinimumVisualStudioVersion = 10.0.40219.1
Project("{FAE04EC0-301F-11D3-BF4B-00C04F79EFBC}") = "OWL", "OWL\OWL.csproj", "{70E04EEB-DCEC-4C9B-95AF-BBA4C595C8A0}"
EndProject
Global
	GlobalSection(SolutionConfigurationPlatforms) = preSolution
		Debug|Any CPU = Debug|Any CPU
		Release|Any CPU = Release|Any CPU
	EndGlobalSection
	GlobalSection(ProjectConfigurationPlatforms) = postSolution
		{70E04EEB-DCEC-4C9B-95AF-BBA4C595C8A0}.Debug|Any CPU.ActiveCfg = Debug|Any CPU
		{70E04EEB-DCEC-4C9B-95AF-BBA4C595C8A0}.Debug|Any CPU.Build.0 = Debug|Any CPU
		{70E04EEB-DCEC-4C9B-95AF-BBA4C595C8A0}.Release|Any CPU.ActiveCfg = Release|Any CPU
		{70E04EEB-DCEC-4C9B-95AF-BBA4C595C8A0}.Release|Any CPU.Build.0 = Release|Any CPU
	EndGlobalSection
	GlobalSection(SolutionProperties) = preSolution
		HideSolutionNode = FALSE
	EndGlobalSection
	GlobalSection(ExtensibilityGlobals) = postSolution
		SolutionGuid = {53FE6608-AF1B-4C3A-8A37-B2701C3CA257}
	EndGlobalSection
EndGlobal
